
Microsoft Visual Studio Solution File, Format Version 12.00
# Visual Studio 15
VisualStudioVersion = 15.0.27130.2010
MinimumVisualStudioVersion = 10.0.40219.1
Project("{8BC9CEB8-8B4A-11D0-8D11-00A0C91BC942}") = "Puts and Gets in C", "Puts and Gets in C\Puts and Gets in C.vcxproj", "{9FF697A8-F10B-4AC7-AE3C-CBD58E82C666}"
EndProject
Global
	GlobalSection(SolutionConfigurationPlatforms) = preSolution
		Debug|x64 = Debug|x64
		Debug|x86 = Debug|x86
		Release|x64 = Release|x64
		Release|x86 = Release|x86
	EndGlobalSection
	GlobalSection(ProjectConfigurationPlatforms) = postSolution
		{9FF697A8-F10B-4AC7-AE3C-CBD58E82C666}.Debug|x64.ActiveCfg = Debug|x64
		{9FF697A8-F10B-4AC7-AE3C-CBD58E82C666}.Debug|x64.Build.0 = Debug|x64
		{9FF697A8-F10B-4AC7-AE3C-CBD58E82C666}.Debug|x86.ActiveCfg = Debug|Win32
		{9FF697A8-F10B-4AC7-AE3C-CBD58E82C666}.Debug|x86.Build.0 = Debug|Win32
		{9FF697A8-F10B-4AC7-AE3C-CBD58E82C666}.Release|x64.ActiveCfg = Release|x64
		{9FF697A8-F10B-4AC7-AE3C-CBD58E82C666}.Release|x64.Build.0 = Release|x64
		{9FF697A8-F10B-4AC7-AE3C-CBD58E82C666}.Release|x86.ActiveCfg = Release|Win32
		{9FF697A8-F10B-4AC7-AE3C-CBD58E82C666}.Release|x86.Build.0 = Release|Win32
	EndGlobalSection
	GlobalSection(SolutionProperties) = preSolution
		HideSolutionNode = FALSE
	EndGlobalSection
	GlobalSection(ExtensibilityGlobals) = postSolution
		SolutionGuid = {3581BE77-968A-4896-92B2-6DFB203BDFD4}
	EndGlobalSection
EndGlobal
